
Microsoft Visual Studio Solution File, Format Version 12.00
# Visual Studio Version 17
VisualStudioVersion = 17.9.34728.123
MinimumVisualStudioVersion = 10.0.40219.1
Project("{FAE04EC0-301F-11D3-BF4B-00C04F79EFBC}") = "Parking", "Parking\Parking.csproj", "{FA69B629-D5A8-4077-8A03-595A1381E1B2}"
EndProject
Global
	GlobalSection(SolutionConfigurationPlatforms) = preSolution
		Debug|Any CPU = Debug|Any CPU
		Release|Any CPU = Release|Any CPU
	EndGlobalSection
	GlobalSection(ProjectConfigurationPlatforms) = postSolution
		{FA69B629-D5A8-4077-8A03-595A1381E1B2}.Debug|Any CPU.ActiveCfg = Debug|Any CPU
		{FA69B629-D5A8-4077-8A03-595A1381E1B2}.Debug|Any CPU.Build.0 = Debug|Any CPU
		{FA69B629-D5A8-4077-8A03-595A1381E1B2}.Release|Any CPU.ActiveCfg = Release|Any CPU
		{FA69B629-D5A8-4077-8A03-595A1381E1B2}.Release|Any CPU.Build.0 = Release|Any CPU
	EndGlobalSection
	GlobalSection(SolutionProperties) = preSolution
		HideSolutionNode = FALSE
	EndGlobalSection
	GlobalSection(ExtensibilityGlobals) = postSolution
		SolutionGuid = {8670E729-41B5-42A5-9DFB-6C1E672D52E6}
	EndGlobalSection
EndGlobal
